// !$*UTF8*$!
{
	archiveVersion = 1;
	classes = {
	};
	objectVersion = 46;
	objects = {

/* Begin PBXBuildFile section */
		A71A7E721F06B7E100883EE9 /* exif.cpp in Sources */ = {isa = PBXBuildFile; fileRef = A71A7E6F1F06B7E100883EE9 /* exif.cpp */; };
		A71A7E731F06B7E100883EE9 /* exifprint.cpp in Sources */ = {isa = PBXBuildFile; fileRef = A71A7E711F06B7E100883EE9 /* exifprint.cpp */; };
/* End PBXBuildFile section */

/* Begin PBXCopyFilesBuildPhase section */
		A71A7E631F06B78C00883EE9 /* CopyFiles */ = {
			isa = PBXCopyFilesBuildPhase;
			buildActionMask = 2147483647;
			dstPath = /usr/share/man/man1/;
			dstSubfolderSpec = 0;
			files = (
			);
			runOnlyForDeploymentPostprocessing = 1;
		};
/* End PBXCopyFilesBuildPhase section */

/* Begin PBXFileReference section */
		A71A7E651F06B78C00883EE9 /* exifprint */ = {isa = PBXFileReference; explicitFileType = "compiled.mach-o.executable"; includeInIndex = 0; path = exifprint; sourceTree = BUILT_PRODUCTS_DIR; };
		A71A7E6F1F06B7E100883EE9 /* exif.cpp */ = {isa = PBXFileReference; fileEncoding = 4; lastKnownFileType = sourcecode.cpp.cpp; path = exif.cpp; sourceTree = SOURCE_ROOT; };
		A71A7E701F06B7E100883EE9 /* exif.h */ = {isa = PBXFileReference; fileEncoding = 4; lastKnownFileType = sourcecode.c.h; path = exif.h; sourceTree = SOURCE_ROOT; };
		A71A7E711F06B7E100883EE9 /* exifprint.cpp */ = {isa = PBXFileReference; fileEncoding = 4; lastKnownFileType = sourcecode.cpp.cpp; path = exifprint.cpp; sourceTree = SOURCE_ROOT; };
/* End PBXFileReference section */

/* Begin PBXFrameworksBuildPhase section */
		A71A7E621F06B78C00883EE9 /* Frameworks */ = {
			isa = PBXFrameworksBuildPhase;
			buildActionMask = 2147483647;
			files = (
			);
			runOnlyForDeploymentPostprocessing = 0;
		};
/* End PBXFrameworksBuildPhase section */

/* Begin PBXGroup section */
		A71A7E5C1F06B78C00883EE9 = {
			isa = PBXGroup;
			children = (
				A71A7E671F06B78C00883EE9 /* exifprint */,
				A71A7E661F06B78C00883EE9 /* Products */,
			);
			sourceTree = "<group>";
		};
		A71A7E661F06B78C00883EE9 /* Products */ = {
			isa = PBXGroup;
			children = (
				A71A7E651F06B78C00883EE9 /* exifprint */,
			);
			name = Products;
			sourceTree = "<group>";
		};
		A71A7E671F06B78C00883EE9 /* exifprint */ = {
			isa = PBXGroup;
			children = (
				A71A7E6F1F06B7E100883EE9 /* exif.cpp */,
				A71A7E701F06B7E100883EE9 /* exif.h */,
				A71A7E711F06B7E100883EE9 /* exifprint.cpp */,
			);
			path = exifprint;
			sourceTree = "<group>";
		};
/* End PBXGroup section */

/* Begin PBXNativeTarget section */
		A71A7E641F06B78C00883EE9 /* exifprint */ = {
			isa = PBXNativeTarget;
			buildConfigurationList = A71A7E6C1F06B78C00883EE9 /* Build configuration list for PBXNativeTarget "exifprint" */;
			buildPhases = (
				A71A7E611F06B78C00883EE9 /* Sources */,
				A71A7E621F06B78C00883EE9 /* Frameworks */,
				A71A7E631F06B78C00883EE9 /* CopyFiles */,
			);
			buildRules = (
			);
			dependencies = (
			);
			name = exifprint;
			productName = exifprint;
			productReference = A71A7E651F06B78C00883EE9 /* exifprint */;
			productType = "com.apple.product-type.tool";
		};
/* End PBXNativeTarget section */

/* Begin PBXProject section */
		A71A7E5D1F06B78C00883EE9 /* Project object */ = {
			isa = PBXProject;
			attributes = {
				LastUpgradeCheck = 0820;
				ORGANIZATIONNAME = "10 Imaging Inc.";
				TargetAttributes = {
					A71A7E641F06B78C00883EE9 = {
						CreatedOnToolsVersion = 8.2.1;
						ProvisioningStyle = Automatic;
					};
				};
			};
			buildConfigurationList = A71A7E601F06B78C00883EE9 /* Build configuration list for PBXProject "exifprint" */;
			compatibilityVersion = "Xcode 3.2";
			developmentRegion = English;
			hasScannedForEncodings = 0;
			knownRegions = (
				en,
			);
			mainGroup = A71A7E5C1F06B78C00883EE9;
			productRefGroup = A71A7E661F06B78C00883EE9 /* Products */;
			projectDirPath = "";
			projectRoot = "";
			targets = (
				A71A7E641F06B78C00883EE9 /* exifprint */,
			);
		};
/* End PBXProject section */

/* Begin PBXSourcesBuildPhase section */
		A71A7E611F06B78C00883EE9 /* Sources */ = {
			isa = PBXSourcesBuildPhase;
			buildActionMask = 2147483647;
			files = (
				A71A7E721F06B7E100883EE9 /* exif.cpp in Sources */,
				A71A7E731F06B7E100883EE9 /* exifprint.cpp in Sources */,
			);
			runOnlyForDeploymentPostprocessing = 0;
		};
/* End PBXSourcesBuildPhase section */

/* Begin XCBuildConfiguration section */
		A71A7E6A1F06B78C00883EE9 /* Debug */ = {
			isa = XCBuildConfiguration;
			buildSettings = {
				ALWAYS_SEARCH_USER_PATHS = NO;
				CLANG_ANALYZER_NONNULL = YES;
				CLANG_CXX_LANGUAGE_STANDARD = "gnu++0x";
				CLANG_CXX_LIBRARY = "libc++";
				CLANG_ENABLE_MODULES = YES;
				CLANG_ENABLE_OBJC_ARC = YES;
				CLANG_WARN_BOOL_CONVERSION = YES;
				CLANG_WARN_CONSTANT_CONVERSION = YES;
				CLANG_WARN_DIRECT_OBJC_ISA_USAGE = YES_ERROR;
				CLANG_WARN_DOCUMENTATION_COMMENTS = YES;
				CLANG_WARN_EMPTY_BODY = YES;
				CLANG_WARN_ENUM_CONVERSION = YES;
				CLANG_WARN_INFINITE_RECURSION = YES;
				CLANG_WARN_INT_CONVERSION = YES;
				CLANG_WARN_OBJC_ROOT_CLASS = YES_ERROR;
				CLANG_WARN_SUSPICIOUS_MOVE = YES;
				CLANG_WARN_UNREACHABLE_CODE = YES;
				CLANG_WARN__DUPLICATE_METHOD_MATCH = YES;
				CODE_SIGN_IDENTITY = "-";
				COPY_PHASE_STRIP = NO;
				DEBUG_INFORMATION_FORMAT = dwarf;
				ENABLE_STRICT_OBJC_MSGSEND = YES;
				ENABLE_TESTABILITY = YES;
				GCC_C_LANGUAGE_STANDARD = gnu99;
				GCC_DYNAMIC_NO_PIC = NO;
				GCC_NO_COMMON_BLOCKS = YES;
				GCC_OPTIMIZATION_LEVEL = 0;
				GCC_PREPROCESSOR_DEFINITIONS = (
					"DEBUG=1",
					"$(inherited)",
				);
				GCC_WARN_64_TO_32_BIT_CONVERSION = YES;
				GCC_WARN_ABOUT_RETURN_TYPE = YES_ERROR;
				GCC_WARN_UNDECLARED_SELECTOR = YES;
				GCC_WARN_UNINITIALIZED_AUTOS = YES_AGGRESSIVE;
				GCC_WARN_UNUSED_FUNCTION = YES;
				GCC_WARN_UNUSED_VARIABLE = YES;
				MACOSX_DEPLOYMENT_TARGET = 10.11;
				MTL_ENABLE_DEBUG_INFO = YES;
				ONLY_ACTIVE_ARCH = YES;
				SDKROOT = macosx;
			};
			name = Debug;
		};
		A71A7E6B1F06B78C00883EE9 /* Release */ = {
			isa = XCBuildConfiguration;
			buildSettings = {
				ALWAYS_SEARCH_USER_PATHS = NO;
				CLANG_ANALYZER_NONNULL = YES;
				CLANG_CXX_LANGUAGE_STANDARD = "gnu++0x";
				CLANG_CXX_LIBRARY = "libc++";
				CLANG_ENABLE_MODULES = YES;
				CLANG_ENABLE_OBJC_ARC = YES;
				CLANG_WARN_BOOL_CONVERSION = YES;
				CLANG_WARN_CONSTANT_CONVERSION = YES;
				CLANG_WARN_DIRECT_OBJC_ISA_USAGE = YES_ERROR;
				CLANG_WARN_DOCUMENTATION_COMMENTS = YES;
				CLANG_WARN_EMPTY_BODY = YES;
				CLANG_WARN_ENUM_CONVERSION = YES;
				CLANG_WARN_INFINITE_RECURSION = YES;
				CLANG_WARN_INT_CONVERSION = YES;
				CLANG_WARN_OBJC_ROOT_CLASS = YES_ERROR;
				CLANG_WARN_SUSPICIOUS_MOVE = YES;
				CLANG_WARN_UNREACHABLE_CODE = YES;
				CLANG_WARN__DUPLICATE_METHOD_MATCH = YES;
				CODE_SIGN_IDENTITY = "-";
				COPY_PHASE_STRIP = NO;
				DEBUG_INFORMATION_FORMAT = "dwarf-with-dsym";
				ENABLE_NS_ASSERTIONS = NO;
				ENABLE_STRICT_OBJC_MSGSEND = YES;
				GCC_C_LANGUAGE_STANDARD = gnu99;
				GCC_NO_COMMON_BLOCKS = YES;
				GCC_WARN_64_TO_32_BIT_CONVERSION = YES;
				GCC_WARN_ABOUT_RETURN_TYPE = YES_ERROR;
				GCC_WARN_UNDECLARED_SELECTOR = YES;
				GCC_WARN_UNINITIALIZED_AUTOS = YES_AGGRESSIVE;
				GCC_WARN_UNUSED_FUNCTION = YES;
				GCC_WARN_UNUSED_VARIABLE = YES;
				MACOSX_DEPLOYMENT_TARGET = 10.11;
				MTL_ENABLE_DEBUG_INFO = NO;
				SDKROOT = macosx;
			};
			name = Release;
		};
		A71A7E6D1F06B78C00883EE9 /* Debug */ = {
			isa = XCBuildConfiguration;
			buildSettings = {
				PRODUCT_NAME = "$(TARGET_NAME)";
			};
			name = Debug;
		};
		A71A7E6E1F06B78C00883EE9 /* Release */ = {
			isa = XCBuildConfiguration;
			buildSettings = {
				PRODUCT_NAME = "$(TARGET_NAME)";
			};
			name = Release;
		};
/* End XCBuildConfiguration section */

/* Begin XCConfigurationList section */
		A71A7E601F06B78C00883EE9 /* Build configuration list for PBXProject "exifprint" */ = {
			isa = XCConfigurationList;
			buildConfigurations = (
				A71A7E6A1F06B78C00883EE9 /* Debug */,
				A71A7E6B1F06B78C00883EE9 /* Release */,
			);
			defaultConfigurationIsVisible = 0;
			defaultConfigurationName = Release;
		};
		A71A7E6C1F06B78C00883EE9 /* Build configuration list for PBXNativeTarget "exifprint" */ = {
			isa = XCConfigurationList;
			buildConfigurations = (
				A71A7E6D1F06B78C00883EE9 /* Debug */,
				A71A7E6E1F06B78C00883EE9 /* Release */,
			);
			defaultConfigurationIsVisible = 0;
			defaultConfigurationName = Release;
		};
/* End XCConfigurationList section */
	};
	rootObject = A71A7E5D1F06B78C00883EE9 /* Project object */;
}
